
Microsoft Visual Studio Solution File, Format Version 12.00
# Visual Studio Version 17
VisualStudioVersion = 17.14.36221.1
MinimumVisualStudioVersion = 10.0.40219.1
Project("{FAE04EC0-301F-11D3-BF4B-00C04F79EFBC}") = "projemaksut", "projemaksut\projemaksut.csproj", "{87BAB5C8-9F0F-49CE-B7E6-43E3EF43D41B}"
EndProject
Project("{FAE04EC0-301F-11D3-BF4B-00C04F79EFBC}") = "Domain", "Domain\Domain.csproj", "{DC8FEAEE-110A-4D93-9858-E6C7B8DFD3F8}"
EndProject
Project("{FAE04EC0-301F-11D3-BF4B-00C04F79EFBC}") = "Application", "Application\Application.csproj", "{62B3B87A-8002-48FE-B57D-3496B5C5FFFD}"
EndProject
Project("{FAE04EC0-301F-11D3-BF4B-00C04F79EFBC}") = "Infrastructure", "Infrustructure\Infrastructure.csproj", "{ECC88E28-7D83-41D2-80C9-D5770B57ABA6}"
EndProject
Project("{FAE04EC0-301F-11D3-BF4B-00C04F79EFBC}") = "Persistence", "Persistence\Persistence.csproj", "{0D08EAF5-D4DF-4473-8E56-A6B0311D7845}"
EndProject
Global
	GlobalSection(SolutionConfigurationPlatforms) = preSolution
		Debug|Any CPU = Debug|Any CPU
		Release|Any CPU = Release|Any CPU
	EndGlobalSection
	GlobalSection(ProjectConfigurationPlatforms) = postSolution
		{87BAB5C8-9F0F-49CE-B7E6-43E3EF43D41B}.Debug|Any CPU.ActiveCfg = Debug|Any CPU
		{87BAB5C8-9F0F-49CE-B7E6-43E3EF43D41B}.Debug|Any CPU.Build.0 = Debug|Any CPU
		{87BAB5C8-9F0F-49CE-B7E6-43E3EF43D41B}.Release|Any CPU.ActiveCfg = Release|Any CPU
		{87BAB5C8-9F0F-49CE-B7E6-43E3EF43D41B}.Release|Any CPU.Build.0 = Release|Any CPU
		{DC8FEAEE-110A-4D93-9858-E6C7B8DFD3F8}.Debug|Any CPU.ActiveCfg = Debug|Any CPU
		{DC8FEAEE-110A-4D93-9858-E6C7B8DFD3F8}.Debug|Any CPU.Build.0 = Debug|Any CPU
		{DC8FEAEE-110A-4D93-9858-E6C7B8DFD3F8}.Release|Any CPU.ActiveCfg = Release|Any CPU
		{DC8FEAEE-110A-4D93-9858-E6C7B8DFD3F8}.Release|Any CPU.Build.0 = Release|Any CPU
		{62B3B87A-8002-48FE-B57D-3496B5C5FFFD}.Debug|Any CPU.ActiveCfg = Debug|Any CPU
		{62B3B87A-8002-48FE-B57D-3496B5C5FFFD}.Debug|Any CPU.Build.0 = Debug|Any CPU
		{62B3B87A-8002-48FE-B57D-3496B5C5FFFD}.Release|Any CPU.ActiveCfg = Release|Any CPU
		{62B3B87A-8002-48FE-B57D-3496B5C5FFFD}.Release|Any CPU.Build.0 = Release|Any CPU
		{ECC88E28-7D83-41D2-80C9-D5770B57ABA6}.Debug|Any CPU.ActiveCfg = Debug|Any CPU
		{ECC88E28-7D83-41D2-80C9-D5770B57ABA6}.Debug|Any CPU.Build.0 = Debug|Any CPU
		{ECC88E28-7D83-41D2-80C9-D5770B57ABA6}.Release|Any CPU.ActiveCfg = Release|Any CPU
		{ECC88E28-7D83-41D2-80C9-D5770B57ABA6}.Release|Any CPU.Build.0 = Release|Any CPU
		{0D08EAF5-D4DF-4473-8E56-A6B0311D7845}.Debug|Any CPU.ActiveCfg = Debug|Any CPU
		{0D08EAF5-D4DF-4473-8E56-A6B0311D7845}.Debug|Any CPU.Build.0 = Debug|Any CPU
		{0D08EAF5-D4DF-4473-8E56-A6B0311D7845}.Release|Any CPU.ActiveCfg = Release|Any CPU
		{0D08EAF5-D4DF-4473-8E56-A6B0311D7845}.Release|Any CPU.Build.0 = Release|Any CPU
	EndGlobalSection
	GlobalSection(SolutionProperties) = preSolution
		HideSolutionNode = FALSE
	EndGlobalSection
	GlobalSection(ExtensibilityGlobals) = postSolution
		SolutionGuid = {7346BCA1-D17B-4BA1-8B39-9D843E69376A}
	EndGlobalSection
EndGlobal
